
Microsoft Visual Studio Solution File, Format Version 12.00
# Visual Studio Version 16
VisualStudioVersion = 16.0.31112.23
MinimumVisualStudioVersion = 10.0.40219.1
Project("{FAE04EC0-301F-11D3-BF4B-00C04F79EFBC}") = "(P) Functions - Calculator", "(P) Functions - Calculator\(P) Functions - Calculator.csproj", "{71DFCF63-1A5C-46B1-87E6-80F1B724ADD5}"
EndProject
Global
	GlobalSection(SolutionConfigurationPlatforms) = preSolution
		Debug|Any CPU = Debug|Any CPU
		Release|Any CPU = Release|Any CPU
	EndGlobalSection
	GlobalSection(ProjectConfigurationPlatforms) = postSolution
		{71DFCF63-1A5C-46B1-87E6-80F1B724ADD5}.Debug|Any CPU.ActiveCfg = Debug|Any CPU
		{71DFCF63-1A5C-46B1-87E6-80F1B724ADD5}.Debug|Any CPU.Build.0 = Debug|Any CPU
		{71DFCF63-1A5C-46B1-87E6-80F1B724ADD5}.Release|Any CPU.ActiveCfg = Release|Any CPU
		{71DFCF63-1A5C-46B1-87E6-80F1B724ADD5}.Release|Any CPU.Build.0 = Release|Any CPU
	EndGlobalSection
	GlobalSection(SolutionProperties) = preSolution
		HideSolutionNode = FALSE
	EndGlobalSection
	GlobalSection(ExtensibilityGlobals) = postSolution
		SolutionGuid = {6A66CE98-C436-4FD2-9ECB-09DB8523CCA2}
	EndGlobalSection
EndGlobal
